
Microsoft Visual Studio Solution File, Format Version 12.00
# Visual Studio Version 17
VisualStudioVersion = 17.7.34221.43
MinimumVisualStudioVersion = 10.0.40219.1
Project("{9A19103F-16F7-4668-BE54-9A1E7A4F7556}") = "NodaTimeConsole", "NodaTimeConsole.csproj", "{398BE694-04F7-4D8A-A356-CAAB49D9616B}"
EndProject
Global
	GlobalSection(SolutionConfigurationPlatforms) = preSolution
		Debug|Any CPU = Debug|Any CPU
		Release|Any CPU = Release|Any CPU
	EndGlobalSection
	GlobalSection(ProjectConfigurationPlatforms) = postSolution
		{398BE694-04F7-4D8A-A356-CAAB49D9616B}.Debug|Any CPU.ActiveCfg = Debug|Any CPU
		{398BE694-04F7-4D8A-A356-CAAB49D9616B}.Debug|Any CPU.Build.0 = Debug|Any CPU
		{398BE694-04F7-4D8A-A356-CAAB49D9616B}.Release|Any CPU.ActiveCfg = Release|Any CPU
		{398BE694-04F7-4D8A-A356-CAAB49D9616B}.Release|Any CPU.Build.0 = Release|Any CPU
	EndGlobalSection
	GlobalSection(SolutionProperties) = preSolution
		HideSolutionNode = FALSE
	EndGlobalSection
	GlobalSection(ExtensibilityGlobals) = postSolution
		SolutionGuid = {091F6B7B-B1DA-410E-A6E8-F06A1C9E5B52}
	EndGlobalSection
EndGlobal
